
Microsoft Visual Studio Solution File, Format Version 12.00
# Visual Studio Version 17
VisualStudioVersion = 17.8.34408.163
MinimumVisualStudioVersion = 10.0.40219.1
Project("{2150E333-8FDC-42A3-9474-1A3956D46DE8}") = "ECommerceAPI", "ECommerceAPI", "{A7BA515A-94C1-40D9-AA2D-209E3FB9C111}"
EndProject
Project("{9A19103F-16F7-4668-BE54-9A1E7A4F7556}") = "ECommerceAPI", "ECommerceAPI\ECommerceAPI.csproj", "{55F3FF96-6C2F-4AF7-8C52-EB2B47B78027}"
EndProject
Project("{2150E333-8FDC-42A3-9474-1A3956D46DE8}") = "ECommerceUI", "ECommerceUI", "{8CEDBF34-F79E-45B1-8FAA-81557987DC56}"
EndProject
Project("{9A19103F-16F7-4668-BE54-9A1E7A4F7556}") = "ECommerceMVC", "ECommerMVC\ECommerceMVC.csproj", "{0BE9CD43-EF81-4C32-93A2-4F2D11A02760}"
EndProject
Project("{FAE04EC0-301F-11D3-BF4B-00C04F79EFBC}") = "ECommerce.EntityLayer", "ECommerce.EntityLayer\ECommerce.EntityLayer.csproj", "{E2FA318E-4833-4401-B137-79D1E83F68C4}"
EndProject
Project("{FAE04EC0-301F-11D3-BF4B-00C04F79EFBC}") = "ECommerce.DtoLayer", "ECommerce.DtoLayer\ECommerce.DtoLayer.csproj", "{3F09F86F-4EBE-4361-B564-1F138D2D3249}"
EndProject
Project("{FAE04EC0-301F-11D3-BF4B-00C04F79EFBC}") = "ECommerce.DataAccessLayer", "ECommerce.DataAccessLayer\ECommerce.DataAccessLayer.csproj", "{24B8B822-1885-49C3-A366-EF6E0149D548}"
EndProject
Project("{FAE04EC0-301F-11D3-BF4B-00C04F79EFBC}") = "ECommerce.BusinessLayer", "ECommerce.BusinessLayer\ECommerce.BusinessLayer.csproj", "{6A589D68-DD3B-4F8A-86E7-D75CC693B99C}"
EndProject
Global
	GlobalSection(SolutionConfigurationPlatforms) = preSolution
		Debug|Any CPU = Debug|Any CPU
		Release|Any CPU = Release|Any CPU
	EndGlobalSection
	GlobalSection(ProjectConfigurationPlatforms) = postSolution
		{55F3FF96-6C2F-4AF7-8C52-EB2B47B78027}.Debug|Any CPU.ActiveCfg = Debug|Any CPU
		{55F3FF96-6C2F-4AF7-8C52-EB2B47B78027}.Debug|Any CPU.Build.0 = Debug|Any CPU
		{55F3FF96-6C2F-4AF7-8C52-EB2B47B78027}.Release|Any CPU.ActiveCfg = Release|Any CPU
		{55F3FF96-6C2F-4AF7-8C52-EB2B47B78027}.Release|Any CPU.Build.0 = Release|Any CPU
		{0BE9CD43-EF81-4C32-93A2-4F2D11A02760}.Debug|Any CPU.ActiveCfg = Debug|Any CPU
		{0BE9CD43-EF81-4C32-93A2-4F2D11A02760}.Debug|Any CPU.Build.0 = Debug|Any CPU
		{0BE9CD43-EF81-4C32-93A2-4F2D11A02760}.Release|Any CPU.ActiveCfg = Release|Any CPU
		{0BE9CD43-EF81-4C32-93A2-4F2D11A02760}.Release|Any CPU.Build.0 = Release|Any CPU
		{E2FA318E-4833-4401-B137-79D1E83F68C4}.Debug|Any CPU.ActiveCfg = Debug|Any CPU
		{E2FA318E-4833-4401-B137-79D1E83F68C4}.Debug|Any CPU.Build.0 = Debug|Any CPU
		{E2FA318E-4833-4401-B137-79D1E83F68C4}.Release|Any CPU.ActiveCfg = Release|Any CPU
		{E2FA318E-4833-4401-B137-79D1E83F68C4}.Release|Any CPU.Build.0 = Release|Any CPU
		{3F09F86F-4EBE-4361-B564-1F138D2D3249}.Debug|Any CPU.ActiveCfg = Debug|Any CPU
		{3F09F86F-4EBE-4361-B564-1F138D2D3249}.Debug|Any CPU.Build.0 = Debug|Any CPU
		{3F09F86F-4EBE-4361-B564-1F138D2D3249}.Release|Any CPU.ActiveCfg = Release|Any CPU
		{3F09F86F-4EBE-4361-B564-1F138D2D3249}.Release|Any CPU.Build.0 = Release|Any CPU
		{24B8B822-1885-49C3-A366-EF6E0149D548}.Debug|Any CPU.ActiveCfg = Debug|Any CPU
		{24B8B822-1885-49C3-A366-EF6E0149D548}.Debug|Any CPU.Build.0 = Debug|Any CPU
		{24B8B822-1885-49C3-A366-EF6E0149D548}.Release|Any CPU.ActiveCfg = Release|Any CPU
		{24B8B822-1885-49C3-A366-EF6E0149D548}.Release|Any CPU.Build.0 = Release|Any CPU
		{6A589D68-DD3B-4F8A-86E7-D75CC693B99C}.Debug|Any CPU.ActiveCfg = Debug|Any CPU
		{6A589D68-DD3B-4F8A-86E7-D75CC693B99C}.Debug|Any CPU.Build.0 = Debug|Any CPU
		{6A589D68-DD3B-4F8A-86E7-D75CC693B99C}.Release|Any CPU.ActiveCfg = Release|Any CPU
		{6A589D68-DD3B-4F8A-86E7-D75CC693B99C}.Release|Any CPU.Build.0 = Release|Any CPU
	EndGlobalSection
	GlobalSection(SolutionProperties) = preSolution
		HideSolutionNode = FALSE
	EndGlobalSection
	GlobalSection(NestedProjects) = preSolution
		{55F3FF96-6C2F-4AF7-8C52-EB2B47B78027} = {A7BA515A-94C1-40D9-AA2D-209E3FB9C111}
		{0BE9CD43-EF81-4C32-93A2-4F2D11A02760} = {8CEDBF34-F79E-45B1-8FAA-81557987DC56}
		{E2FA318E-4833-4401-B137-79D1E83F68C4} = {A7BA515A-94C1-40D9-AA2D-209E3FB9C111}
		{3F09F86F-4EBE-4361-B564-1F138D2D3249} = {A7BA515A-94C1-40D9-AA2D-209E3FB9C111}
		{24B8B822-1885-49C3-A366-EF6E0149D548} = {A7BA515A-94C1-40D9-AA2D-209E3FB9C111}
		{6A589D68-DD3B-4F8A-86E7-D75CC693B99C} = {A7BA515A-94C1-40D9-AA2D-209E3FB9C111}
	EndGlobalSection
	GlobalSection(ExtensibilityGlobals) = postSolution
		SolutionGuid = {2EFBD719-1448-4A77-8F85-9C6DFC29459F}
	EndGlobalSection
EndGlobal
